{
  "version": 4,
  "terraform_version": "1.12.2",
  "serial": 26,
  "lineage": "086312fb-40f3-a710-c8e0-835d2dfd9669",
  "outputs": {},
  "resources": [
    {
      "mode": "managed",
      "type": "yandex_kms_symmetric_key",
      "name": "k8s-key",
      "provider": "provider[\"registry.terraform.io/yandex-cloud/yandex\"]",
      "instances": [
        {
          "schema_version": 1,
          "attributes": {
            "created_at": "2025-10-12T20:43:57Z",
            "default_algorithm": "AES_128",
            "deletion_protection": false,
            "description": "KMS key for Kubernetes secrets",
            "folder_id": "b1g2pak2mr3h8bt5nfam",
            "id": "abjc61mdg5niqeu462in",
            "labels": null,
            "name": "k8s-key",
            "rotated_at": "1970-01-01T00:00:00Z",
            "rotation_period": "8760h",
            "status": "ACTIVE",
            "symmetric_key_id": "abjc61mdg5niqeu462in",
            "timeouts": null
          },
          "sensitive_attributes": [],
          "identity_schema_version": 0
        }
      ]
    },
    {
      "mode": "managed",
      "type": "yandex_kubernetes_cluster",
      "name": "devops-diplom",
      "provider": "provider[\"registry.terraform.io/yandex-cloud/yandex\"]",
      "instances": [
        {
          "status": "tainted",
          "schema_version": 0,
          "attributes": {
            "cluster_ipv4_range": null,
            "cluster_ipv6_range": null,
            "created_at": null,
            "description": "Kubernetes cluster for devops-diplom-yandexcloud project",
            "folder_id": "b1g2pak2mr3h8bt5nfam",
            "health": null,
            "id": "catb93aoj9tk8foa5l70",
            "kms_provider": [],
            "labels": null,
            "log_group_id": null,
            "master": [
              {
                "cluster_ca_certificate": "",
                "etcd_cluster_size": 0,
                "external_v4_address": "",
                "external_v4_endpoint": "",
                "external_v6_address": "",
                "external_v6_endpoint": "",
                "internal_v4_address": "",
                "internal_v4_endpoint": "",
                "maintenance_policy": [],
                "master_location": [
                  {
                    "subnet_id": "e9bvamfk1tg5onjejbuu",
                    "zone": "ru-central1-a"
                  }
                ],
                "master_logging": [],
                "public_ip": true,
                "regional": [],
                "scale_policy": [],
                "security_group_ids": null,
                "version": "1.30",
                "version_info": [],
                "zonal": []
              }
            ],
            "name": "devops-diplom-yandexcloud-k8s",
            "network_id": "enpsj820vglkjv4mng70",
            "network_implementation": [],
            "network_policy_provider": null,
            "node_ipv4_cidr_mask_size": 24,
            "node_service_account_id": "ajer93efebn650j9q2ta",
            "release_channel": "REGULAR",
            "service_account_id": "ajer93efebn650j9q2ta",
            "service_ipv4_range": null,
            "service_ipv6_range": null,
            "status": null,
            "timeouts": null,
            "workload_identity_federation": []
          },
          "sensitive_attributes": [],
          "identity_schema_version": 0,
          "private": "eyJlMmJmYjczMC1lY2FhLTExZTYtOGY4OC0zNDM2M2JjN2M0YzAiOnsiY3JlYXRlIjoxODAwMDAwMDAwMDAwLCJkZWxldGUiOjEyMDAwMDAwMDAwMDAsInJlYWQiOjMwMDAwMDAwMDAwMCwidXBkYXRlIjoxODAwMDAwMDAwMDAwfX0=",
          "dependencies": [
            "yandex_vpc_network.net",
            "yandex_vpc_subnet.central1-a"
          ]
        }
      ]
    },
    {
      "mode": "managed",
      "type": "yandex_vpc_network",
      "name": "net",
      "provider": "provider[\"registry.terraform.io/yandex-cloud/yandex\"]",
      "instances": [
        {
          "schema_version": 0,
          "attributes": {
            "created_at": "2025-10-12T18:49:03Z",
            "default_security_group_id": "enp0crnald9apaq6navg",
            "description": "",
            "folder_id": "b1g2pak2mr3h8bt5nfam",
            "id": "enpsj820vglkjv4mng70",
            "labels": {},
            "name": "devops-diplom-yandexcloud-net",
            "subnet_ids": [
              "e2l2pe3a9tbhubgasu7g",
              "e9bvamfk1tg5onjejbuu",
              "fl8j7vd5kl32pi4phvmf"
            ],
            "timeouts": null
          },
          "sensitive_attributes": [],
          "identity_schema_version": 0,
          "private": "eyJlMmJmYjczMC1lY2FhLTExZTYtOGY4OC0zNDM2M2JjN2M0YzAiOnsiY3JlYXRlIjo2MDAwMDAwMDAwMCwiZGVsZXRlIjo2MDAwMDAwMDAwMCwidXBkYXRlIjo2MDAwMDAwMDAwMH19"
        }
      ]
    },
    {
      "mode": "managed",
      "type": "yandex_vpc_subnet",
      "name": "central1-a",
      "provider": "provider[\"registry.terraform.io/yandex-cloud/yandex\"]",
      "instances": [
        {
          "schema_version": 0,
          "attributes": {
            "created_at": "2025-10-12T18:49:06Z",
            "description": "",
            "dhcp_options": [],
            "folder_id": "b1g2pak2mr3h8bt5nfam",
            "id": "e9bvamfk1tg5onjejbuu",
            "labels": {},
            "name": "devops-diplom-yandexcloud-central1-a",
            "network_id": "enpsj820vglkjv4mng70",
            "route_table_id": "",
            "timeouts": null,
            "v4_cidr_blocks": [
              "10.0.1.0/24"
            ],
            "v6_cidr_blocks": [],
            "zone": "ru-central1-a"
          },
          "sensitive_attributes": [],
          "identity_schema_version": 0,
          "private": "eyJlMmJmYjczMC1lY2FhLTExZTYtOGY4OC0zNDM2M2JjN2M0YzAiOnsiY3JlYXRlIjoxODAwMDAwMDAwMDAsImRlbGV0ZSI6MTgwMDAwMDAwMDAwLCJ1cGRhdGUiOjE4MDAwMDAwMDAwMH19",
          "dependencies": [
            "yandex_vpc_network.net"
          ]
        }
      ]
    },
    {
      "mode": "managed",
      "type": "yandex_vpc_subnet",
      "name": "central1-b",
      "provider": "provider[\"registry.terraform.io/yandex-cloud/yandex\"]",
      "instances": [
        {
          "schema_version": 0,
          "attributes": {
            "created_at": "2025-10-12T18:49:07Z",
            "description": "",
            "dhcp_options": [],
            "folder_id": "b1g2pak2mr3h8bt5nfam",
            "id": "e2l2pe3a9tbhubgasu7g",
            "labels": {},
            "name": "devops-diplom-yandexcloud-central1-b",
            "network_id": "enpsj820vglkjv4mng70",
            "route_table_id": "",
            "timeouts": null,
            "v4_cidr_blocks": [
              "10.0.2.0/24"
            ],
            "v6_cidr_blocks": [],
            "zone": "ru-central1-b"
          },
          "sensitive_attributes": [],
          "identity_schema_version": 0,
          "private": "eyJlMmJmYjczMC1lY2FhLTExZTYtOGY4OC0zNDM2M2JjN2M0YzAiOnsiY3JlYXRlIjoxODAwMDAwMDAwMDAsImRlbGV0ZSI6MTgwMDAwMDAwMDAwLCJ1cGRhdGUiOjE4MDAwMDAwMDAwMH19",
          "dependencies": [
            "yandex_vpc_network.net"
          ]
        }
      ]
    },
    {
      "mode": "managed",
      "type": "yandex_vpc_subnet",
      "name": "central1-d",
      "provider": "provider[\"registry.terraform.io/yandex-cloud/yandex\"]",
      "instances": [
        {
          "schema_version": 0,
          "attributes": {
            "created_at": "2025-10-12T18:49:06Z",
            "description": "",
            "dhcp_options": [],
            "folder_id": "b1g2pak2mr3h8bt5nfam",
            "id": "fl8j7vd5kl32pi4phvmf",
            "labels": {},
            "name": "devops-diplom-yandexcloud-central1-d",
            "network_id": "enpsj820vglkjv4mng70",
            "route_table_id": "",
            "timeouts": null,
            "v4_cidr_blocks": [
              "10.0.3.0/24"
            ],
            "v6_cidr_blocks": [],
            "zone": "ru-central1-d"
          },
          "sensitive_attributes": [],
          "identity_schema_version": 0,
          "private": "eyJlMmJmYjczMC1lY2FhLTExZTYtOGY4OC0zNDM2M2JjN2M0YzAiOnsiY3JlYXRlIjoxODAwMDAwMDAwMDAsImRlbGV0ZSI6MTgwMDAwMDAwMDAwLCJ1cGRhdGUiOjE4MDAwMDAwMDAwMH19",
          "dependencies": [
            "yandex_vpc_network.net"
          ]
        }
      ]
    }
  ],
  "check_results": null
}
