{
  "version": 4,
  "terraform_version": "1.12.2",
  "serial": 22,
  "lineage": "f4844da4-6e87-7d19-7499-6414baf58983",
  "outputs": {},
  "resources": [
    {
      "mode": "managed",
      "type": "null_resource",
      "name": "example",
      "provider": "provider[\"registry.terraform.io/hashicorp/null\"]",
      "instances": [
        {
          "schema_version": 0,
          "attributes": {
            "id": "6905718889333603223",
            "triggers": null
          },
          "sensitive_attributes": [],
          "identity_schema_version": 0,
          "dependencies": [
            "yandex_iam_service_account.tf-sa"
          ]
        }
      ]
    },
    {
      "mode": "managed",
      "type": "yandex_iam_service_account",
      "name": "tf-sa",
      "provider": "provider[\"registry.terraform.io/yandex-cloud/yandex\"]",
      "instances": [
        {
          "schema_version": 1,
          "attributes": {
            "created_at": "2025-10-12T18:27:23Z",
            "description": "",
            "folder_id": "b1g2pak2mr3h8bt5nfam",
            "id": "ajena75o7bbk24o8rqi0",
            "name": "tf-sa",
            "service_account_id": "ajena75o7bbk24o8rqi0",
            "timeouts": null
          },
          "sensitive_attributes": [],
          "identity_schema_version": 0
        }
      ]
    },
    {
      "mode": "managed",
      "type": "yandex_iam_service_account_static_access_key",
      "name": "tf-key",
      "provider": "provider[\"registry.terraform.io/yandex-cloud/yandex\"]",
      "instances": [
        {
          "schema_version": 0,
          "attributes": {
            "access_key": "YCAJEQkN5TTT1m3_Xb7tH7YJt",
            "created_at": "2025-10-12T18:27:25Z",
            "description": "Static access key for S3 bucket",
            "encrypted_secret_key": null,
            "id": "ajetvumev2v03ot62vs2",
            "key_fingerprint": null,
            "output_to_lockbox": [],
            "output_to_lockbox_version_id": null,
            "pgp_key": null,
            "secret_key": "YCObfKz_5JOvgp0uAm2oaSK5NBFROdVd3vPDaNiJ",
            "service_account_id": "ajena75o7bbk24o8rqi0"
          },
          "sensitive_attributes": [
            [
              {
                "type": "get_attr",
                "value": "secret_key"
              }
            ]
          ],
          "identity_schema_version": 0,
          "private": "bnVsbA==",
          "dependencies": [
            "yandex_iam_service_account.tf-sa"
          ]
        }
      ]
    }
  ],
  "check_results": null
}
